
Microsoft Visual Studio Solution File, Format Version 12.00
# Visual Studio Version 16
VisualStudioVersion = 16.0.35731.53
MinimumVisualStudioVersion = 10.0.40219.1
Project("{FAE04EC0-301F-11D3-BF4B-00C04F79EFBC}") = "Banco", "Banco\Banco.csproj", "{5F5F8880-FF16-4E0F-9C15-94B2024DB78C}"
EndProject
Global
	GlobalSection(SolutionConfigurationPlatforms) = preSolution
		Debug|Any CPU = Debug|Any CPU
		Release|Any CPU = Release|Any CPU
	EndGlobalSection
	GlobalSection(ProjectConfigurationPlatforms) = postSolution
		{5F5F8880-FF16-4E0F-9C15-94B2024DB78C}.Debug|Any CPU.ActiveCfg = Debug|Any CPU
		{5F5F8880-FF16-4E0F-9C15-94B2024DB78C}.Debug|Any CPU.Build.0 = Debug|Any CPU
		{5F5F8880-FF16-4E0F-9C15-94B2024DB78C}.Release|Any CPU.ActiveCfg = Release|Any CPU
		{5F5F8880-FF16-4E0F-9C15-94B2024DB78C}.Release|Any CPU.Build.0 = Release|Any CPU
	EndGlobalSection
	GlobalSection(SolutionProperties) = preSolution
		HideSolutionNode = FALSE
	EndGlobalSection
	GlobalSection(ExtensibilityGlobals) = postSolution
		SolutionGuid = {062569A7-9D3D-4C0C-BA02-FB5CF287DD2F}
	EndGlobalSection
EndGlobal
