
Microsoft Visual Studio Solution File, Format Version 12.00
# Visual Studio Version 16
VisualStudioVersion = 16.0.35731.53
MinimumVisualStudioVersion = 10.0.40219.1
Project("{FAE04EC0-301F-11D3-BF4B-00C04F79EFBC}") = "Bicicletas, camiones y autos", "Bicicletas, camiones y autos\Bicicletas, camiones y autos.csproj", "{0B3F58B1-5233-4225-B674-41E03251F280}"
EndProject
Global
	GlobalSection(SolutionConfigurationPlatforms) = preSolution
		Debug|Any CPU = Debug|Any CPU
		Release|Any CPU = Release|Any CPU
	EndGlobalSection
	GlobalSection(ProjectConfigurationPlatforms) = postSolution
		{0B3F58B1-5233-4225-B674-41E03251F280}.Debug|Any CPU.ActiveCfg = Debug|Any CPU
		{0B3F58B1-5233-4225-B674-41E03251F280}.Debug|Any CPU.Build.0 = Debug|Any CPU
		{0B3F58B1-5233-4225-B674-41E03251F280}.Release|Any CPU.ActiveCfg = Release|Any CPU
		{0B3F58B1-5233-4225-B674-41E03251F280}.Release|Any CPU.Build.0 = Release|Any CPU
	EndGlobalSection
	GlobalSection(SolutionProperties) = preSolution
		HideSolutionNode = FALSE
	EndGlobalSection
	GlobalSection(ExtensibilityGlobals) = postSolution
		SolutionGuid = {F2C8009D-799E-4E3F-AB3C-9D6946155720}
	EndGlobalSection
EndGlobal
